{
  "name": "ai-blocklist-example",
  "version": "1.0.0",
  "lockfileVersion": 1,
  "requires": true,
  "dependencies": {
    "@automacao.info/ai-blocklink": {
      "version": "1.0.0",
      "resolved": "https://registry.npmjs.org/@automacao.info/ai-blocklink/-/ai-blocklink-1.0.0.tgz",
      "integrity": "sha512-yxAH/nBUKFlCgoQgvP/RClgv/ZUkKvIzKZvbGvDt5PEdRpZQ8TgSf/6lTTWWbMaoTOZrO5NCcfxy5aWw4spSLg==",
      "requires": {
        "@github/time-elements": "^3.1.1",
        "lit-html": "^1.1.2"
      }
    },
    "@github/time-elements": {
      "version": "3.1.1",
      "resolved": "https://registry.npmjs.org/@github/time-elements/-/time-elements-3.1.1.tgz",
      "integrity": "sha512-95TquDedxMpNb8BUrVIt9NEfdNBw4DRjdcECDPx4Ix6gkksI2npKRJBOV9XJMYjEIBo50iAiJzUuwL/fh3ptFw=="
    },
    "lit-html": {
      "version": "1.2.1",
      "resolved": "https://registry.npmjs.org/lit-html/-/lit-html-1.2.1.tgz",
      "integrity": "sha512-GSJHHXMGLZDzTRq59IUfL9FCdAlGfqNp/dEa7k7aBaaWD+JKaCjsAk9KYm2V12ItonVaYx2dprN66Zdm1AuBTQ=="
    }
  }
}
