{
  "name": "ai-block-example",
  "version": "1.0.0",
  "lockfileVersion": 1,
  "requires": true,
  "dependencies": {
    "@automacao.info/ai-block": {
      "version": "1.0.10",
      "resolved": "https://registry.npmjs.org/@automacao.info/ai-block/-/ai-block-1.0.10.tgz",
      "integrity": "sha512-rtIRtxw3m0jovRlpfobZrjnREqht2Xz4Htd8Zbw6tgWR9SazAi9mqo71WRjtshjP5E1HLnqqlwrzn47Zu08uHQ==",
      "requires": {
        "lit-html": "^1.1.2"
      }
    },
    "lit-html": {
      "version": "1.2.1",
      "resolved": "https://registry.npmjs.org/lit-html/-/lit-html-1.2.1.tgz",
      "integrity": "sha512-GSJHHXMGLZDzTRq59IUfL9FCdAlGfqNp/dEa7k7aBaaWD+JKaCjsAk9KYm2V12ItonVaYx2dprN66Zdm1AuBTQ=="
    }
  }
}
